
Microsoft Visual Studio Solution File, Format Version 12.00
# Visual Studio Version 17
VisualStudioVersion = 17.2.32630.192
MinimumVisualStudioVersion = 10.0.40219.1
Project("{9A19103F-16F7-4668-BE54-9A1E7A4F7556}") = "Museum", "Museum\Museum.csproj", "{04A46B99-A1ED-451A-8BC5-CEC5FC92EAB2}"
EndProject
Project("{9A19103F-16F7-4668-BE54-9A1E7A4F7556}") = "MuseumForm", "MuseumForm\MuseumForm.csproj", "{3B28848E-02FA-4EF8-99A0-3B4ED8BE9250}"
EndProject
Global
	GlobalSection(SolutionConfigurationPlatforms) = preSolution
		Debug|Any CPU = Debug|Any CPU
		Release|Any CPU = Release|Any CPU
	EndGlobalSection
	GlobalSection(ProjectConfigurationPlatforms) = postSolution
		{04A46B99-A1ED-451A-8BC5-CEC5FC92EAB2}.Debug|Any CPU.ActiveCfg = Debug|Any CPU
		{04A46B99-A1ED-451A-8BC5-CEC5FC92EAB2}.Debug|Any CPU.Build.0 = Debug|Any CPU
		{04A46B99-A1ED-451A-8BC5-CEC5FC92EAB2}.Release|Any CPU.ActiveCfg = Release|Any CPU
		{04A46B99-A1ED-451A-8BC5-CEC5FC92EAB2}.Release|Any CPU.Build.0 = Release|Any CPU
		{3B28848E-02FA-4EF8-99A0-3B4ED8BE9250}.Debug|Any CPU.ActiveCfg = Debug|Any CPU
		{3B28848E-02FA-4EF8-99A0-3B4ED8BE9250}.Debug|Any CPU.Build.0 = Debug|Any CPU
		{3B28848E-02FA-4EF8-99A0-3B4ED8BE9250}.Release|Any CPU.ActiveCfg = Release|Any CPU
		{3B28848E-02FA-4EF8-99A0-3B4ED8BE9250}.Release|Any CPU.Build.0 = Release|Any CPU
	EndGlobalSection
	GlobalSection(SolutionProperties) = preSolution
		HideSolutionNode = FALSE
	EndGlobalSection
	GlobalSection(ExtensibilityGlobals) = postSolution
		SolutionGuid = {74091C64-BE30-41DE-B94C-979DA9D572CF}
	EndGlobalSection
EndGlobal
